<?xml version="1.0" encoding="utf-8"?>
<Project ToolsVersion="4.0" xmlns="http://schemas.microsoft.com/developer/msbuild/2003">
	<ItemGroup>
		<Filter Include="include">
			<UniqueIdentifier>{E92ABAF2-E16C-084A-BDF4-D6FA26A1A1FA}</UniqueIdentifier>
		</Filter>
		<Filter Include="include\glutil">
			<UniqueIdentifier>{218D868D-B64D-4146-93F6-F7F2C874601B}</UniqueIdentifier>
		</Filter>
		<Filter Include="source">
			<UniqueIdentifier>{531D60CD-1742-C44D-81FF-65A6C746A187}</UniqueIdentifier>
		</Filter>
	</ItemGroup>
	<ItemGroup>
		<ClInclude Include="include\glutil\array_ref.h">
			<Filter>include\glutil</Filter>
		</ClInclude>
		<ClInclude Include="include\glutil\Debug.h">
			<Filter>include\glutil</Filter>
		</ClInclude>
		<ClInclude Include="include\glutil\Font.h">
			<Filter>include\glutil</Filter>
		</ClInclude>
		<ClInclude Include="include\glutil\glutil.h">
			<Filter>include\glutil</Filter>
		</ClInclude>
		<ClInclude Include="include\glutil\MatrixStack.h">
			<Filter>include\glutil</Filter>
		</ClInclude>
		<ClInclude Include="include\glutil\MousePoles.h">
			<Filter>include\glutil</Filter>
		</ClInclude>
		<ClInclude Include="include\glutil\Shader.h">
			<Filter>include\glutil</Filter>
		</ClInclude>
		<ClInclude Include="include\glutil\WindowPos.h">
			<Filter>include\glutil</Filter>
		</ClInclude>
		<ClInclude Include="source\ftData.h">
			<Filter>source</Filter>
		</ClInclude>
	</ItemGroup>
	<ItemGroup>
		<ClCompile Include="source\Debug.cpp">
			<Filter>source</Filter>
		</ClCompile>
		<ClCompile Include="source\Font.cpp">
			<Filter>source</Filter>
		</ClCompile>
		<ClCompile Include="source\ftData.cpp">
			<Filter>source</Filter>
		</ClCompile>
		<ClCompile Include="source\MatrixStack.cpp">
			<Filter>source</Filter>
		</ClCompile>
		<ClCompile Include="source\MousePoles.cpp">
			<Filter>source</Filter>
		</ClCompile>
		<ClCompile Include="source\Shader.cpp">
			<Filter>source</Filter>
		</ClCompile>
		<ClCompile Include="source\WindowPos.cpp">
			<Filter>source</Filter>
		</ClCompile>
	</ItemGroup>
</Project>
