<?xml version="1.0" encoding="utf-8"?>
<Project ToolsVersion="4.0" xmlns="http://schemas.microsoft.com/developer/msbuild/2003">
  <ItemGroup>
    <Filter Include="Modules">
      <UniqueIdentifier>{6553648b-aea9-42cf-a431-566c1b80e5bb}</UniqueIdentifier>
    </Filter>
    <Filter Include="Playground">
      <UniqueIdentifier>{70caf3f4-349e-4741-a896-6935f3712c6e}</UniqueIdentifier>
    </Filter>
    <Filter Include="Modules\window">
      <UniqueIdentifier>{b64d9fcf-df57-4944-b746-5fbd88cb0397}</UniqueIdentifier>
    </Filter>
  </ItemGroup>
  <ItemGroup>
    <ClCompile Include="main.cpp">
      <Filter>Playground</Filter>
    </ClCompile>
    <ClCompile Include="window.cpp">
      <Filter>Modules\window</Filter>
    </ClCompile>
  </ItemGroup>
  <ItemGroup>
    <ClInclude Include="window.h">
      <Filter>Modules\window</Filter>
    </ClInclude>
  </ItemGroup>
</Project>