<?xml version="1.0" encoding="utf-8"?>
<Project ToolsVersion="4.0" xmlns="http://schemas.microsoft.com/developer/msbuild/2003">
	<ItemGroup>
		<Filter Include="include">
			<UniqueIdentifier>{1AEC8A3B-A34F-4648-A4CE-E0821DFE6B73}</UniqueIdentifier>
		</Filter>
		<Filter Include="include\glmesh">
			<UniqueIdentifier>{02CFC521-61C6-1149-81ED-4A90C24DCBED}</UniqueIdentifier>
		</Filter>
		<Filter Include="source">
			<UniqueIdentifier>{92FF3322-5561-2B4B-BCF0-670A47833106}</UniqueIdentifier>
		</Filter>
	</ItemGroup>
	<ItemGroup>
		<ClInclude Include="include\glmesh\BoostDraw.h">
			<Filter>include\glmesh</Filter>
		</ClInclude>
		<ClInclude Include="include\glmesh\BoostVertexFormat.h">
			<Filter>include\glmesh</Filter>
		</ClInclude>
		<ClInclude Include="include\glmesh\CpuDataWriter.h">
			<Filter>include\glmesh</Filter>
		</ClInclude>
		<ClInclude Include="include\glmesh\Draw.h">
			<Filter>include\glmesh</Filter>
		</ClInclude>
		<ClInclude Include="include\glmesh\GenCommon.h">
			<Filter>include\glmesh</Filter>
		</ClInclude>
		<ClInclude Include="include\glmesh\GenDescriptors.h">
			<Filter>include\glmesh</Filter>
		</ClInclude>
		<ClInclude Include="include\glmesh\GenMeshMisc.h">
			<Filter>include\glmesh</Filter>
		</ClInclude>
		<ClInclude Include="include\glmesh\GenPlatonic.h">
			<Filter>include\glmesh</Filter>
		</ClInclude>
		<ClInclude Include="include\glmesh\GenQuadrics.h">
			<Filter>include\glmesh</Filter>
		</ClInclude>
		<ClInclude Include="include\glmesh\glmesh.h">
			<Filter>include\glmesh</Filter>
		</ClInclude>
		<ClInclude Include="include\glmesh\Mesh.h">
			<Filter>include\glmesh</Filter>
		</ClInclude>
		<ClInclude Include="include\glmesh\StreamBuffer.h">
			<Filter>include\glmesh</Filter>
		</ClInclude>
		<ClInclude Include="include\glmesh\VertexFormat.h">
			<Filter>include\glmesh</Filter>
		</ClInclude>
		<ClInclude Include="include\glmesh\VertexWriter.h">
			<Filter>include\glmesh</Filter>
		</ClInclude>
		<ClInclude Include="source\GenHelper.h">
			<Filter>source</Filter>
		</ClInclude>
	</ItemGroup>
	<ItemGroup>
		<ClCompile Include="source\CpuDataWriter.cpp">
			<Filter>source</Filter>
		</ClCompile>
		<ClCompile Include="source\Draw.cpp">
			<Filter>source</Filter>
		</ClCompile>
		<ClCompile Include="source\GenHelper.cpp">
			<Filter>source</Filter>
		</ClCompile>
		<ClCompile Include="source\GenMeshMisc.cpp">
			<Filter>source</Filter>
		</ClCompile>
		<ClCompile Include="source\GenPlatonic.cpp">
			<Filter>source</Filter>
		</ClCompile>
		<ClCompile Include="source\GenQuadrics.cpp">
			<Filter>source</Filter>
		</ClCompile>
		<ClCompile Include="source\Mesh.cpp">
			<Filter>source</Filter>
		</ClCompile>
		<ClCompile Include="source\StreamBuffer.cpp">
			<Filter>source</Filter>
		</ClCompile>
		<ClCompile Include="source\VertexFormat.cpp">
			<Filter>source</Filter>
		</ClCompile>
		<ClCompile Include="source\VertexWriter.cpp">
			<Filter>source</Filter>
		</ClCompile>
	</ItemGroup>
</Project>
