<?xml version="1.0" encoding="utf-8"?>
<Project ToolsVersion="4.0" xmlns="http://schemas.microsoft.com/developer/msbuild/2003">
	<ItemGroup>
		<Filter Include="include">
			<UniqueIdentifier>{49B8D0AB-F5B4-5446-8CAB-8403D8622A66}</UniqueIdentifier>
		</Filter>
		<Filter Include="include\glimg">
			<UniqueIdentifier>{0F56D516-99D5-8847-BDC6-08DCD506F363}</UniqueIdentifier>
		</Filter>
		<Filter Include="source">
			<UniqueIdentifier>{BD544D32-1368-CB46-BB8C-460FCAB2AEFD}</UniqueIdentifier>
		</Filter>
	</ItemGroup>
	<ItemGroup>
		<ClInclude Include="include\glimg\DdsLoader.h">
			<Filter>include\glimg</Filter>
		</ClInclude>
		<ClInclude Include="include\glimg\glimg.h">
			<Filter>include\glimg</Filter>
		</ClInclude>
		<ClInclude Include="include\glimg\ImageCreator.h">
			<Filter>include\glimg</Filter>
		</ClInclude>
		<ClInclude Include="include\glimg\ImageCreatorExceptions.h">
			<Filter>include\glimg</Filter>
		</ClInclude>
		<ClInclude Include="include\glimg\ImageFormat.h">
			<Filter>include\glimg</Filter>
		</ClInclude>
		<ClInclude Include="include\glimg\ImageSet.h">
			<Filter>include\glimg</Filter>
		</ClInclude>
		<ClInclude Include="include\glimg\Loaders.h">
			<Filter>include\glimg</Filter>
		</ClInclude>
		<ClInclude Include="include\glimg\StbLoader.h">
			<Filter>include\glimg</Filter>
		</ClInclude>
		<ClInclude Include="include\glimg\TestLoader.h">
			<Filter>include\glimg</Filter>
		</ClInclude>
		<ClInclude Include="include\glimg\TextureGenerator.h">
			<Filter>include\glimg</Filter>
		</ClInclude>
		<ClInclude Include="include\glimg\TextureGeneratorExceptions.h">
			<Filter>include\glimg</Filter>
		</ClInclude>
		<ClInclude Include="source\DdsLoaderInt.h">
			<Filter>source</Filter>
		</ClInclude>
		<ClInclude Include="source\ImageSetImpl.h">
			<Filter>source</Filter>
		</ClInclude>
		<ClInclude Include="source\stb_image.h">
			<Filter>source</Filter>
		</ClInclude>
		<ClInclude Include="source\Util.h">
			<Filter>source</Filter>
		</ClInclude>
	</ItemGroup>
	<ItemGroup>
		<ClCompile Include="source\DdsLoader.cpp">
			<Filter>source</Filter>
		</ClCompile>
		<ClCompile Include="source\ImageCreator.cpp">
			<Filter>source</Filter>
		</ClCompile>
		<ClCompile Include="source\ImageFormat.cpp">
			<Filter>source</Filter>
		</ClCompile>
		<ClCompile Include="source\ImageSet.cpp">
			<Filter>source</Filter>
		</ClCompile>
		<ClCompile Include="source\ImageSetImpl.cpp">
			<Filter>source</Filter>
		</ClCompile>
		<ClCompile Include="source\StbLoader.cpp">
			<Filter>source</Filter>
		</ClCompile>
		<ClCompile Include="source\TestLoader.cpp">
			<Filter>source</Filter>
		</ClCompile>
		<ClCompile Include="source\TextureGenerator.cpp">
			<Filter>source</Filter>
		</ClCompile>
		<ClCompile Include="source\Util.cpp">
			<Filter>source</Filter>
		</ClCompile>
		<ClCompile Include="source\stb_image.c">
			<Filter>source</Filter>
		</ClCompile>
	</ItemGroup>
	<ItemGroup>
		<None Include="source\OldDdsFmtConv.inc">
			<Filter>source</Filter>
		</None>
	</ItemGroup>
</Project>
